// !$*UTF8*$!
{
	archiveVersion = 1;
	classes = {
	};
	objectVersion = 46;
	objects = {

/* Begin PBXBuildFile section */
		FA389E5A1BCC23A400F87749 /* AppDelegate.swift in Sources */ = {isa = PBXBuildFile; fileRef = FA389E591BCC23A400F87749 /* AppDelegate.swift */; };
		FA389E5C1BCC23A400F87749 /* ViewController.swift in Sources */ = {isa = PBXBuildFile; fileRef = FA389E5B1BCC23A400F87749 /* ViewController.swift */; };
		FA389E5F1BCC23A400F87749 /* Main.storyboard in Resources */ = {isa = PBXBuildFile; fileRef = FA389E5D1BCC23A400F87749 /* Main.storyboard */; };
		FA389E611BCC23A400F87749 /* Assets.xcassets in Resources */ = {isa = PBXBuildFile; fileRef = FA389E601BCC23A400F87749 /* Assets.xcassets */; };
		FA389E641BCC23A500F87749 /* LaunchScreen.storyboard in Resources */ = {isa = PBXBuildFile; fileRef = FA389E621BCC23A400F87749 /* LaunchScreen.storyboard */; };
		FA389E6C1BCC261B00F87749 /* PageContentViewController.swift in Sources */ = {isa = PBXBuildFile; fileRef = FA389E6B1BCC261B00F87749 /* PageContentViewController.swift */; };
		FA389E6E1BCC263000F87749 /* SettingsTableViewController.swift in Sources */ = {isa = PBXBuildFile; fileRef = FA389E6D1BCC263000F87749 /* SettingsTableViewController.swift */; };
		FA389E761BCC2A5B00F87749 /* blockerList.json in Resources */ = {isa = PBXBuildFile; fileRef = FA389E751BCC2A5B00F87749 /* blockerList.json */; };
		FA389E781BCC2A5B00F87749 /* ActionRequestHandler.swift in Sources */ = {isa = PBXBuildFile; fileRef = FA389E771BCC2A5B00F87749 /* ActionRequestHandler.swift */; };
		FA389E7C1BCC2A5B00F87749 /* The Blocker.appex in Embed App Extensions */ = {isa = PBXBuildFile; fileRef = FA389E731BCC2A5B00F87749 /* The Blocker.appex */; settings = {ATTRIBUTES = (RemoveHeadersOnCopy, ); }; };
/* End PBXBuildFile section */

/* Begin PBXContainerItemProxy section */
		FA389E7A1BCC2A5B00F87749 /* PBXContainerItemProxy */ = {
			isa = PBXContainerItemProxy;
			containerPortal = FA389E4E1BCC23A400F87749 /* Project object */;
			proxyType = 1;
			remoteGlobalIDString = FA389E721BCC2A5B00F87749;
			remoteInfo = "The Blocker";
		};
/* End PBXContainerItemProxy section */

/* Begin PBXCopyFilesBuildPhase section */
		FA389E801BCC2A5B00F87749 /* Embed App Extensions */ = {
			isa = PBXCopyFilesBuildPhase;
			buildActionMask = 2147483647;
			dstPath = "";
			dstSubfolderSpec = 13;
			files = (
				FA389E7C1BCC2A5B00F87749 /* The Blocker.appex in Embed App Extensions */,
			);
			name = "Embed App Extensions";
			runOnlyForDeploymentPostprocessing = 0;
		};
/* End PBXCopyFilesBuildPhase section */

/* Begin PBXFileReference section */
		FA389E561BCC23A400F87749 /* Trump Block.app */ = {isa = PBXFileReference; explicitFileType = wrapper.application; includeInIndex = 0; path = "Trump Block.app"; sourceTree = BUILT_PRODUCTS_DIR; };
		FA389E591BCC23A400F87749 /* AppDelegate.swift */ = {isa = PBXFileReference; lastKnownFileType = sourcecode.swift; path = AppDelegate.swift; sourceTree = "<group>"; };
		FA389E5B1BCC23A400F87749 /* ViewController.swift */ = {isa = PBXFileReference; lastKnownFileType = sourcecode.swift; path = ViewController.swift; sourceTree = "<group>"; };
		FA389E5E1BCC23A400F87749 /* Base */ = {isa = PBXFileReference; lastKnownFileType = file.storyboard; name = Base; path = Base.lproj/Main.storyboard; sourceTree = "<group>"; };
		FA389E601BCC23A400F87749 /* Assets.xcassets */ = {isa = PBXFileReference; lastKnownFileType = folder.assetcatalog; path = Assets.xcassets; sourceTree = "<group>"; };
		FA389E631BCC23A400F87749 /* Base */ = {isa = PBXFileReference; lastKnownFileType = file.storyboard; name = Base; path = Base.lproj/LaunchScreen.storyboard; sourceTree = "<group>"; };
		FA389E651BCC23A500F87749 /* Info.plist */ = {isa = PBXFileReference; lastKnownFileType = text.plist.xml; path = Info.plist; sourceTree = "<group>"; };
		FA389E6B1BCC261B00F87749 /* PageContentViewController.swift */ = {isa = PBXFileReference; fileEncoding = 4; lastKnownFileType = sourcecode.swift; path = PageContentViewController.swift; sourceTree = "<group>"; };
		FA389E6D1BCC263000F87749 /* SettingsTableViewController.swift */ = {isa = PBXFileReference; fileEncoding = 4; lastKnownFileType = sourcecode.swift; path = SettingsTableViewController.swift; sourceTree = "<group>"; };
		FA389E731BCC2A5B00F87749 /* The Blocker.appex */ = {isa = PBXFileReference; explicitFileType = "wrapper.app-extension"; includeInIndex = 0; path = "The Blocker.appex"; sourceTree = BUILT_PRODUCTS_DIR; };
		FA389E751BCC2A5B00F87749 /* blockerList.json */ = {isa = PBXFileReference; lastKnownFileType = text.json; path = blockerList.json; sourceTree = "<group>"; };
		FA389E771BCC2A5B00F87749 /* ActionRequestHandler.swift */ = {isa = PBXFileReference; lastKnownFileType = sourcecode.swift; path = ActionRequestHandler.swift; sourceTree = "<group>"; };
		FA389E791BCC2A5B00F87749 /* Info.plist */ = {isa = PBXFileReference; lastKnownFileType = text.plist.xml; path = Info.plist; sourceTree = "<group>"; };
/* End PBXFileReference section */

/* Begin PBXFrameworksBuildPhase section */
		FA389E531BCC23A400F87749 /* Frameworks */ = {
			isa = PBXFrameworksBuildPhase;
			buildActionMask = 2147483647;
			files = (
			);
			runOnlyForDeploymentPostprocessing = 0;
		};
		FA389E701BCC2A5B00F87749 /* Frameworks */ = {
			isa = PBXFrameworksBuildPhase;
			buildActionMask = 2147483647;
			files = (
			);
			runOnlyForDeploymentPostprocessing = 0;
		};
/* End PBXFrameworksBuildPhase section */

/* Begin PBXGroup section */
		FA389E4D1BCC23A400F87749 = {
			isa = PBXGroup;
			children = (
				FA389E581BCC23A400F87749 /* Trump Block */,
				FA389E571BCC23A400F87749 /* Products */,
				FA389E741BCC2A5B00F87749 /* The Blocker */,
			);
			sourceTree = "<group>";
		};
		FA389E571BCC23A400F87749 /* Products */ = {
			isa = PBXGroup;
			children = (
				FA389E561BCC23A400F87749 /* Trump Block.app */,
				FA389E731BCC2A5B00F87749 /* The Blocker.appex */,
			);
			name = Products;
			sourceTree = "<group>";
		};
		FA389E581BCC23A400F87749 /* Trump Block */ = {
			isa = PBXGroup;
			children = (
				FA389E591BCC23A400F87749 /* AppDelegate.swift */,
				FA389E5B1BCC23A400F87749 /* ViewController.swift */,
				FA389E5D1BCC23A400F87749 /* Main.storyboard */,
				FA389E6B1BCC261B00F87749 /* PageContentViewController.swift */,
				FA389E6D1BCC263000F87749 /* SettingsTableViewController.swift */,
				FA389E601BCC23A400F87749 /* Assets.xcassets */,
				FA389E621BCC23A400F87749 /* LaunchScreen.storyboard */,
				FA389E651BCC23A500F87749 /* Info.plist */,
			);
			path = "Trump Block";
			sourceTree = "<group>";
		};
		FA389E741BCC2A5B00F87749 /* The Blocker */ = {
			isa = PBXGroup;
			children = (
				FA389E751BCC2A5B00F87749 /* blockerList.json */,
				FA389E771BCC2A5B00F87749 /* ActionRequestHandler.swift */,
				FA389E791BCC2A5B00F87749 /* Info.plist */,
			);
			path = "The Blocker";
			sourceTree = "<group>";
		};
/* End PBXGroup section */

/* Begin PBXNativeTarget section */
		FA389E551BCC23A400F87749 /* Trump Block */ = {
			isa = PBXNativeTarget;
			buildConfigurationList = FA389E681BCC23A500F87749 /* Build configuration list for PBXNativeTarget "Trump Block" */;
			buildPhases = (
				FA389E521BCC23A400F87749 /* Sources */,
				FA389E531BCC23A400F87749 /* Frameworks */,
				FA389E541BCC23A400F87749 /* Resources */,
				FA389E801BCC2A5B00F87749 /* Embed App Extensions */,
			);
			buildRules = (
			);
			dependencies = (
				FA389E7B1BCC2A5B00F87749 /* PBXTargetDependency */,
			);
			name = "Trump Block";
			productName = "Trump Block";
			productReference = FA389E561BCC23A400F87749 /* Trump Block.app */;
			productType = "com.apple.product-type.application";
		};
		FA389E721BCC2A5B00F87749 /* The Blocker */ = {
			isa = PBXNativeTarget;
			buildConfigurationList = FA389E7D1BCC2A5B00F87749 /* Build configuration list for PBXNativeTarget "The Blocker" */;
			buildPhases = (
				FA389E6F1BCC2A5B00F87749 /* Sources */,
				FA389E701BCC2A5B00F87749 /* Frameworks */,
				FA389E711BCC2A5B00F87749 /* Resources */,
			);
			buildRules = (
			);
			dependencies = (
			);
			name = "The Blocker";
			productName = "The Blocker";
			productReference = FA389E731BCC2A5B00F87749 /* The Blocker.appex */;
			productType = "com.apple.product-type.app-extension";
		};
/* End PBXNativeTarget section */

/* Begin PBXProject section */
		FA389E4E1BCC23A400F87749 /* Project object */ = {
			isa = PBXProject;
			attributes = {
				LastUpgradeCheck = 0710;
				TargetAttributes = {
					FA389E551BCC23A400F87749 = {
						CreatedOnToolsVersion = 7.0;
					};
					FA389E721BCC2A5B00F87749 = {
						CreatedOnToolsVersion = 7.0;
					};
				};
			};
			buildConfigurationList = FA389E511BCC23A400F87749 /* Build configuration list for PBXProject "Trump Block" */;
			compatibilityVersion = "Xcode 3.2";
			developmentRegion = English;
			hasScannedForEncodings = 0;
			knownRegions = (
				en,
				Base,
			);
			mainGroup = FA389E4D1BCC23A400F87749;
			productRefGroup = FA389E571BCC23A400F87749 /* Products */;
			projectDirPath = "";
			projectRoot = "";
			targets = (
				FA389E551BCC23A400F87749 /* Trump Block */,
				FA389E721BCC2A5B00F87749 /* The Blocker */,
			);
		};
/* End PBXProject section */

/* Begin PBXResourcesBuildPhase section */
		FA389E541BCC23A400F87749 /* Resources */ = {
			isa = PBXResourcesBuildPhase;
			buildActionMask = 2147483647;
			files = (
				FA389E641BCC23A500F87749 /* LaunchScreen.storyboard in Resources */,
				FA389E611BCC23A400F87749 /* Assets.xcassets in Resources */,
				FA389E5F1BCC23A400F87749 /* Main.storyboard in Resources */,
			);
			runOnlyForDeploymentPostprocessing = 0;
		};
		FA389E711BCC2A5B00F87749 /* Resources */ = {
			isa = PBXResourcesBuildPhase;
			buildActionMask = 2147483647;
			files = (
				FA389E761BCC2A5B00F87749 /* blockerList.json in Resources */,
			);
			runOnlyForDeploymentPostprocessing = 0;
		};
/* End PBXResourcesBuildPhase section */

/* Begin PBXSourcesBuildPhase section */
		FA389E521BCC23A400F87749 /* Sources */ = {
			isa = PBXSourcesBuildPhase;
			buildActionMask = 2147483647;
			files = (
				FA389E6E1BCC263000F87749 /* SettingsTableViewController.swift in Sources */,
				FA389E6C1BCC261B00F87749 /* PageContentViewController.swift in Sources */,
				FA389E5C1BCC23A400F87749 /* ViewController.swift in Sources */,
				FA389E5A1BCC23A400F87749 /* AppDelegate.swift in Sources */,
			);
			runOnlyForDeploymentPostprocessing = 0;
		};
		FA389E6F1BCC2A5B00F87749 /* Sources */ = {
			isa = PBXSourcesBuildPhase;
			buildActionMask = 2147483647;
			files = (
				FA389E781BCC2A5B00F87749 /* ActionRequestHandler.swift in Sources */,
			);
			runOnlyForDeploymentPostprocessing = 0;
		};
/* End PBXSourcesBuildPhase section */

/* Begin PBXTargetDependency section */
		FA389E7B1BCC2A5B00F87749 /* PBXTargetDependency */ = {
			isa = PBXTargetDependency;
			target = FA389E721BCC2A5B00F87749 /* The Blocker */;
			targetProxy = FA389E7A1BCC2A5B00F87749 /* PBXContainerItemProxy */;
		};
/* End PBXTargetDependency section */

/* Begin PBXVariantGroup section */
		FA389E5D1BCC23A400F87749 /* Main.storyboard */ = {
			isa = PBXVariantGroup;
			children = (
				FA389E5E1BCC23A400F87749 /* Base */,
			);
			name = Main.storyboard;
			sourceTree = "<group>";
		};
		FA389E621BCC23A400F87749 /* LaunchScreen.storyboard */ = {
			isa = PBXVariantGroup;
			children = (
				FA389E631BCC23A400F87749 /* Base */,
			);
			name = LaunchScreen.storyboard;
			sourceTree = "<group>";
		};
/* End PBXVariantGroup section */

/* Begin XCBuildConfiguration section */
		FA389E661BCC23A500F87749 /* Debug */ = {
			isa = XCBuildConfiguration;
			buildSettings = {
				ALWAYS_SEARCH_USER_PATHS = NO;
				CLANG_CXX_LANGUAGE_STANDARD = "gnu++0x";
				CLANG_CXX_LIBRARY = "libc++";
				CLANG_ENABLE_MODULES = YES;
				CLANG_ENABLE_OBJC_ARC = YES;
				CLANG_WARN_BOOL_CONVERSION = YES;
				CLANG_WARN_CONSTANT_CONVERSION = YES;
				CLANG_WARN_DIRECT_OBJC_ISA_USAGE = YES_ERROR;
				CLANG_WARN_EMPTY_BODY = YES;
				CLANG_WARN_ENUM_CONVERSION = YES;
				CLANG_WARN_INT_CONVERSION = YES;
				CLANG_WARN_OBJC_ROOT_CLASS = YES_ERROR;
				CLANG_WARN_UNREACHABLE_CODE = YES;
				CLANG_WARN__DUPLICATE_METHOD_MATCH = YES;
				"CODE_SIGN_IDENTITY[sdk=iphoneos*]" = "iPhone Developer";
				COPY_PHASE_STRIP = NO;
				DEBUG_INFORMATION_FORMAT = dwarf;
				ENABLE_STRICT_OBJC_MSGSEND = YES;
				ENABLE_TESTABILITY = YES;
				GCC_C_LANGUAGE_STANDARD = gnu99;
				GCC_DYNAMIC_NO_PIC = NO;
				GCC_NO_COMMON_BLOCKS = YES;
				GCC_OPTIMIZATION_LEVEL = 0;
				GCC_PREPROCESSOR_DEFINITIONS = (
					"DEBUG=1",
					"$(inherited)",
				);
				GCC_WARN_64_TO_32_BIT_CONVERSION = YES;
				GCC_WARN_ABOUT_RETURN_TYPE = YES_ERROR;
				GCC_WARN_UNDECLARED_SELECTOR = YES;
				GCC_WARN_UNINITIALIZED_AUTOS = YES_AGGRESSIVE;
				GCC_WARN_UNUSED_FUNCTION = YES;
				GCC_WARN_UNUSED_VARIABLE = YES;
				IPHONEOS_DEPLOYMENT_TARGET = 9.0;
				MTL_ENABLE_DEBUG_INFO = YES;
				ONLY_ACTIVE_ARCH = YES;
				SDKROOT = iphoneos;
				SWIFT_OPTIMIZATION_LEVEL = "-Onone";
				TARGETED_DEVICE_FAMILY = "1,2";
			};
			name = Debug;
		};
		FA389E671BCC23A500F87749 /* Release */ = {
			isa = XCBuildConfiguration;
			buildSettings = {
				ALWAYS_SEARCH_USER_PATHS = NO;
				CLANG_CXX_LANGUAGE_STANDARD = "gnu++0x";
				CLANG_CXX_LIBRARY = "libc++";
				CLANG_ENABLE_MODULES = YES;
				CLANG_ENABLE_OBJC_ARC = YES;
				CLANG_WARN_BOOL_CONVERSION = YES;
				CLANG_WARN_CONSTANT_CONVERSION = YES;
				CLANG_WARN_DIRECT_OBJC_ISA_USAGE = YES_ERROR;
				CLANG_WARN_EMPTY_BODY = YES;
				CLANG_WARN_ENUM_CONVERSION = YES;
				CLANG_WARN_INT_CONVERSION = YES;
				CLANG_WARN_OBJC_ROOT_CLASS = YES_ERROR;
				CLANG_WARN_UNREACHABLE_CODE = YES;
				CLANG_WARN__DUPLICATE_METHOD_MATCH = YES;
				"CODE_SIGN_IDENTITY[sdk=iphoneos*]" = "iPhone Developer";
				COPY_PHASE_STRIP = NO;
				DEBUG_INFORMATION_FORMAT = "dwarf-with-dsym";
				ENABLE_NS_ASSERTIONS = NO;
				ENABLE_STRICT_OBJC_MSGSEND = YES;
				GCC_C_LANGUAGE_STANDARD = gnu99;
				GCC_NO_COMMON_BLOCKS = YES;
				GCC_WARN_64_TO_32_BIT_CONVERSION = YES;
				GCC_WARN_ABOUT_RETURN_TYPE = YES_ERROR;
				GCC_WARN_UNDECLARED_SELECTOR = YES;
				GCC_WARN_UNINITIALIZED_AUTOS = YES_AGGRESSIVE;
				GCC_WARN_UNUSED_FUNCTION = YES;
				GCC_WARN_UNUSED_VARIABLE = YES;
				IPHONEOS_DEPLOYMENT_TARGET = 9.0;
				MTL_ENABLE_DEBUG_INFO = NO;
				SDKROOT = iphoneos;
				TARGETED_DEVICE_FAMILY = "1,2";
				VALIDATE_PRODUCT = YES;
			};
			name = Release;
		};
		FA389E691BCC23A500F87749 /* Debug */ = {
			isa = XCBuildConfiguration;
			buildSettings = {
				ASSETCATALOG_COMPILER_APPICON_NAME = AppIcon;
				CODE_SIGN_IDENTITY = "iPhone Developer";
				DEBUG_INFORMATION_FORMAT = dwarf;
				EMBEDDED_CONTENT_CONTAINS_SWIFT = YES;
				FRAMEWORK_SEARCH_PATHS = (
					"$(inherited)",
					"$(PROJECT_DIR)",
				);
				INFOPLIST_FILE = "Trump Block/Info.plist";
				IPHONEOS_DEPLOYMENT_TARGET = 9.0;
				LD_RUNPATH_SEARCH_PATHS = "$(inherited) @executable_path/Frameworks";
				PRODUCT_BUNDLE_IDENTIFIER = "com.alexcmeyer.Trump-Block";
				PRODUCT_NAME = "$(TARGET_NAME)";
				VALID_ARCHS = arm64;
			};
			name = Debug;
		};
		FA389E6A1BCC23A500F87749 /* Release */ = {
			isa = XCBuildConfiguration;
			buildSettings = {
				ASSETCATALOG_COMPILER_APPICON_NAME = AppIcon;
				CODE_SIGN_IDENTITY = "iPhone Developer";
				EMBEDDED_CONTENT_CONTAINS_SWIFT = YES;
				FRAMEWORK_SEARCH_PATHS = (
					"$(inherited)",
					"$(PROJECT_DIR)",
				);
				INFOPLIST_FILE = "Trump Block/Info.plist";
				IPHONEOS_DEPLOYMENT_TARGET = 9.0;
				LD_RUNPATH_SEARCH_PATHS = "$(inherited) @executable_path/Frameworks";
				PRODUCT_BUNDLE_IDENTIFIER = "com.alexcmeyer.Trump-Block";
				PRODUCT_NAME = "$(TARGET_NAME)";
				VALID_ARCHS = arm64;
			};
			name = Release;
		};
		FA389E7E1BCC2A5B00F87749 /* Debug */ = {
			isa = XCBuildConfiguration;
			buildSettings = {
				INFOPLIST_FILE = "The Blocker/Info.plist";
				LD_RUNPATH_SEARCH_PATHS = "$(inherited) @executable_path/Frameworks @executable_path/../../Frameworks";
				PRODUCT_BUNDLE_IDENTIFIER = "com.alexcmeyer.Trump-Block.The-Blocker";
				PRODUCT_NAME = "$(TARGET_NAME)";
				SKIP_INSTALL = YES;
			};
			name = Debug;
		};
		FA389E7F1BCC2A5B00F87749 /* Release */ = {
			isa = XCBuildConfiguration;
			buildSettings = {
				INFOPLIST_FILE = "The Blocker/Info.plist";
				LD_RUNPATH_SEARCH_PATHS = "$(inherited) @executable_path/Frameworks @executable_path/../../Frameworks";
				PRODUCT_BUNDLE_IDENTIFIER = "com.alexcmeyer.Trump-Block.The-Blocker";
				PRODUCT_NAME = "$(TARGET_NAME)";
				SKIP_INSTALL = YES;
			};
			name = Release;
		};
/* End XCBuildConfiguration section */

/* Begin XCConfigurationList section */
		FA389E511BCC23A400F87749 /* Build configuration list for PBXProject "Trump Block" */ = {
			isa = XCConfigurationList;
			buildConfigurations = (
				FA389E661BCC23A500F87749 /* Debug */,
				FA389E671BCC23A500F87749 /* Release */,
			);
			defaultConfigurationIsVisible = 0;
			defaultConfigurationName = Release;
		};
		FA389E681BCC23A500F87749 /* Build configuration list for PBXNativeTarget "Trump Block" */ = {
			isa = XCConfigurationList;
			buildConfigurations = (
				FA389E691BCC23A500F87749 /* Debug */,
				FA389E6A1BCC23A500F87749 /* Release */,
			);
			defaultConfigurationIsVisible = 0;
			defaultConfigurationName = Release;
		};
		FA389E7D1BCC2A5B00F87749 /* Build configuration list for PBXNativeTarget "The Blocker" */ = {
			isa = XCConfigurationList;
			buildConfigurations = (
				FA389E7E1BCC2A5B00F87749 /* Debug */,
				FA389E7F1BCC2A5B00F87749 /* Release */,
			);
			defaultConfigurationIsVisible = 0;
			defaultConfigurationName = Release;
		};
/* End XCConfigurationList section */
	};
	rootObject = FA389E4E1BCC23A400F87749 /* Project object */;
}
